// !$*UTF8*$!
{
	archiveVersion = 1;
	classes = {
	};
	objectVersion = 50;
	objects = {

/* Begin PBXBuildFile section */
		FD70AD87210D05890087E756 /* AppDelegate.m in Sources */ = {isa = PBXBuildFile; fileRef = FD70AD86210D05890087E756 /* AppDelegate.m */; };
		FD70AD8D210D05890087E756 /* Main.storyboard in Resources */ = {isa = PBXBuildFile; fileRef = FD70AD8B210D05890087E756 /* Main.storyboard */; };
		FD70AD8F210D058A0087E756 /* Assets.xcassets in Resources */ = {isa = PBXBuildFile; fileRef = FD70AD8E210D058A0087E756 /* Assets.xcassets */; };
		FD70AD92210D058A0087E756 /* LaunchScreen.storyboard in Resources */ = {isa = PBXBuildFile; fileRef = FD70AD90210D058A0087E756 /* LaunchScreen.storyboard */; };
		FD70AD95210D058A0087E756 /* main.m in Sources */ = {isa = PBXBuildFile; fileRef = FD70AD94210D058A0087E756 /* main.m */; };
		FD70ADA1210D08590087E756 /* SBPlanet.m in Sources */ = {isa = PBXBuildFile; fileRef = FD70ADA0210D08590087E756 /* SBPlanet.m */; };
		FD70ADAB210D0B970087E756 /* SBPlanetListTableViewController.m in Sources */ = {isa = PBXBuildFile; fileRef = FD70ADAA210D0B970087E756 /* SBPlanetListTableViewController.m */; };
		FD70ADB2210D10780087E756 /* SBPlanetController.m in Sources */ = {isa = PBXBuildFile; fileRef = FD70ADB1210D10780087E756 /* SBPlanetController.m */; };
		FD70ADB5210D19790087E756 /* SBPlanetDetailViewController.m in Sources */ = {isa = PBXBuildFile; fileRef = FD70ADB4210D19790087E756 /* SBPlanetDetailViewController.m */; };
/* End PBXBuildFile section */

/* Begin PBXFileReference section */
		FD70AD82210D05890087E756 /* Rover-C.app */ = {isa = PBXFileReference; explicitFileType = wrapper.application; includeInIndex = 0; path = "Rover-C.app"; sourceTree = BUILT_PRODUCTS_DIR; };
		FD70AD85210D05890087E756 /* AppDelegate.h */ = {isa = PBXFileReference; lastKnownFileType = sourcecode.c.h; path = AppDelegate.h; sourceTree = "<group>"; };
		FD70AD86210D05890087E756 /* AppDelegate.m */ = {isa = PBXFileReference; lastKnownFileType = sourcecode.c.objc; path = AppDelegate.m; sourceTree = "<group>"; };
		FD70AD8C210D05890087E756 /* Base */ = {isa = PBXFileReference; lastKnownFileType = file.storyboard; name = Base; path = Base.lproj/Main.storyboard; sourceTree = "<group>"; };
		FD70AD8E210D058A0087E756 /* Assets.xcassets */ = {isa = PBXFileReference; lastKnownFileType = folder.assetcatalog; path = Assets.xcassets; sourceTree = "<group>"; };
		FD70AD91210D058A0087E756 /* Base */ = {isa = PBXFileReference; lastKnownFileType = file.storyboard; name = Base; path = Base.lproj/LaunchScreen.storyboard; sourceTree = "<group>"; };
		FD70AD93210D058A0087E756 /* Info.plist */ = {isa = PBXFileReference; lastKnownFileType = text.plist.xml; path = Info.plist; sourceTree = "<group>"; };
		FD70AD94210D058A0087E756 /* main.m */ = {isa = PBXFileReference; lastKnownFileType = sourcecode.c.objc; path = main.m; sourceTree = "<group>"; };
		FD70AD9F210D08590087E756 /* SBPlanet.h */ = {isa = PBXFileReference; lastKnownFileType = sourcecode.c.h; path = SBPlanet.h; sourceTree = "<group>"; };
		FD70ADA0210D08590087E756 /* SBPlanet.m */ = {isa = PBXFileReference; lastKnownFileType = sourcecode.c.objc; path = SBPlanet.m; sourceTree = "<group>"; };
		FD70ADA9210D0B970087E756 /* SBPlanetListTableViewController.h */ = {isa = PBXFileReference; lastKnownFileType = sourcecode.c.h; path = SBPlanetListTableViewController.h; sourceTree = "<group>"; };
		FD70ADAA210D0B970087E756 /* SBPlanetListTableViewController.m */ = {isa = PBXFileReference; lastKnownFileType = sourcecode.c.objc; path = SBPlanetListTableViewController.m; sourceTree = "<group>"; };
		FD70ADB0210D10780087E756 /* SBPlanetController.h */ = {isa = PBXFileReference; lastKnownFileType = sourcecode.c.h; path = SBPlanetController.h; sourceTree = "<group>"; };
		FD70ADB1210D10780087E756 /* SBPlanetController.m */ = {isa = PBXFileReference; lastKnownFileType = sourcecode.c.objc; path = SBPlanetController.m; sourceTree = "<group>"; };
		FD70ADB3210D19790087E756 /* SBPlanetDetailViewController.h */ = {isa = PBXFileReference; lastKnownFileType = sourcecode.c.h; path = SBPlanetDetailViewController.h; sourceTree = "<group>"; };
		FD70ADB4210D19790087E756 /* SBPlanetDetailViewController.m */ = {isa = PBXFileReference; lastKnownFileType = sourcecode.c.objc; path = SBPlanetDetailViewController.m; sourceTree = "<group>"; };
/* End PBXFileReference section */

/* Begin PBXFrameworksBuildPhase section */
		FD70AD7F210D05890087E756 /* Frameworks */ = {
			isa = PBXFrameworksBuildPhase;
			buildActionMask = 2147483647;
			files = (
			);
			runOnlyForDeploymentPostprocessing = 0;
		};
/* End PBXFrameworksBuildPhase section */

/* Begin PBXGroup section */
		FD70AD79210D05890087E756 = {
			isa = PBXGroup;
			children = (
				FD70AD84210D05890087E756 /* Rover-C */,
				FD70AD83210D05890087E756 /* Products */,
			);
			sourceTree = "<group>";
		};
		FD70AD83210D05890087E756 /* Products */ = {
			isa = PBXGroup;
			children = (
				FD70AD82210D05890087E756 /* Rover-C.app */,
			);
			name = Products;
			sourceTree = "<group>";
		};
		FD70AD84210D05890087E756 /* Rover-C */ = {
			isa = PBXGroup;
			children = (
				FD70AD85210D05890087E756 /* AppDelegate.h */,
				FD70AD86210D05890087E756 /* AppDelegate.m */,
				FD70AD94210D058A0087E756 /* main.m */,
				FD70AD8B210D05890087E756 /* Main.storyboard */,
				FD70AD9E210D05E90087E756 /* Model */,
				FD70ADAF210D0C390087E756 /* Model Controller */,
				FD70ADA5210D0AC20087E756 /* ViewController */,
				FD70AD8E210D058A0087E756 /* Assets.xcassets */,
				FD70AD90210D058A0087E756 /* LaunchScreen.storyboard */,
				FD70AD93210D058A0087E756 /* Info.plist */,
			);
			path = "Rover-C";
			sourceTree = "<group>";
		};
		FD70AD9E210D05E90087E756 /* Model */ = {
			isa = PBXGroup;
			children = (
				FD70AD9F210D08590087E756 /* SBPlanet.h */,
				FD70ADA0210D08590087E756 /* SBPlanet.m */,
			);
			path = Model;
			sourceTree = "<group>";
		};
		FD70ADA5210D0AC20087E756 /* ViewController */ = {
			isa = PBXGroup;
			children = (
				FD70ADA9210D0B970087E756 /* SBPlanetListTableViewController.h */,
				FD70ADAA210D0B970087E756 /* SBPlanetListTableViewController.m */,
				FD70ADB3210D19790087E756 /* SBPlanetDetailViewController.h */,
				FD70ADB4210D19790087E756 /* SBPlanetDetailViewController.m */,
			);
			path = ViewController;
			sourceTree = "<group>";
		};
		FD70ADAF210D0C390087E756 /* Model Controller */ = {
			isa = PBXGroup;
			children = (
				FD70ADB0210D10780087E756 /* SBPlanetController.h */,
				FD70ADB1210D10780087E756 /* SBPlanetController.m */,
			);
			path = "Model Controller";
			sourceTree = "<group>";
		};
/* End PBXGroup section */

/* Begin PBXNativeTarget section */
		FD70AD81210D05890087E756 /* Rover-C */ = {
			isa = PBXNativeTarget;
			buildConfigurationList = FD70AD98210D058A0087E756 /* Build configuration list for PBXNativeTarget "Rover-C" */;
			buildPhases = (
				FD70AD7E210D05890087E756 /* Sources */,
				FD70AD7F210D05890087E756 /* Frameworks */,
				FD70AD80210D05890087E756 /* Resources */,
			);
			buildRules = (
			);
			dependencies = (
			);
			name = "Rover-C";
			productName = "Rover-C";
			productReference = FD70AD82210D05890087E756 /* Rover-C.app */;
			productType = "com.apple.product-type.application";
		};
/* End PBXNativeTarget section */

/* Begin PBXProject section */
		FD70AD7A210D05890087E756 /* Project object */ = {
			isa = PBXProject;
			attributes = {
				LastUpgradeCheck = 0940;
				ORGANIZATIONNAME = sohail;
				TargetAttributes = {
					FD70AD81210D05890087E756 = {
						CreatedOnToolsVersion = 9.4.1;
					};
				};
			};
			buildConfigurationList = FD70AD7D210D05890087E756 /* Build configuration list for PBXProject "Rover-C" */;
			compatibilityVersion = "Xcode 9.3";
			developmentRegion = en;
			hasScannedForEncodings = 0;
			knownRegions = (
				en,
				Base,
			);
			mainGroup = FD70AD79210D05890087E756;
			productRefGroup = FD70AD83210D05890087E756 /* Products */;
			projectDirPath = "";
			projectRoot = "";
			targets = (
				FD70AD81210D05890087E756 /* Rover-C */,
			);
		};
/* End PBXProject section */

/* Begin PBXResourcesBuildPhase section */
		FD70AD80210D05890087E756 /* Resources */ = {
			isa = PBXResourcesBuildPhase;
			buildActionMask = 2147483647;
			files = (
				FD70AD92210D058A0087E756 /* LaunchScreen.storyboard in Resources */,
				FD70AD8F210D058A0087E756 /* Assets.xcassets in Resources */,
				FD70AD8D210D05890087E756 /* Main.storyboard in Resources */,
			);
			runOnlyForDeploymentPostprocessing = 0;
		};
/* End PBXResourcesBuildPhase section */

/* Begin PBXSourcesBuildPhase section */
		FD70AD7E210D05890087E756 /* Sources */ = {
			isa = PBXSourcesBuildPhase;
			buildActionMask = 2147483647;
			files = (
				FD70AD95210D058A0087E756 /* main.m in Sources */,
				FD70ADAB210D0B970087E756 /* SBPlanetListTableViewController.m in Sources */,
				FD70AD87210D05890087E756 /* AppDelegate.m in Sources */,
				FD70ADA1210D08590087E756 /* SBPlanet.m in Sources */,
				FD70ADB5210D19790087E756 /* SBPlanetDetailViewController.m in Sources */,
				FD70ADB2210D10780087E756 /* SBPlanetController.m in Sources */,
			);
			runOnlyForDeploymentPostprocessing = 0;
		};
/* End PBXSourcesBuildPhase section */

/* Begin PBXVariantGroup section */
		FD70AD8B210D05890087E756 /* Main.storyboard */ = {
			isa = PBXVariantGroup;
			children = (
				FD70AD8C210D05890087E756 /* Base */,
			);
			name = Main.storyboard;
			sourceTree = "<group>";
		};
		FD70AD90210D058A0087E756 /* LaunchScreen.storyboard */ = {
			isa = PBXVariantGroup;
			children = (
				FD70AD91210D058A0087E756 /* Base */,
			);
			name = LaunchScreen.storyboard;
			sourceTree = "<group>";
		};
/* End PBXVariantGroup section */

/* Begin XCBuildConfiguration section */
		FD70AD96210D058A0087E756 /* Debug */ = {
			isa = XCBuildConfiguration;
			buildSettings = {
				ALWAYS_SEARCH_USER_PATHS = NO;
				CLANG_ANALYZER_NONNULL = YES;
				CLANG_ANALYZER_NUMBER_OBJECT_CONVERSION = YES_AGGRESSIVE;
				CLANG_CXX_LANGUAGE_STANDARD = "gnu++14";
				CLANG_CXX_LIBRARY = "libc++";
				CLANG_ENABLE_MODULES = YES;
				CLANG_ENABLE_OBJC_ARC = YES;
				CLANG_ENABLE_OBJC_WEAK = YES;
				CLANG_WARN_BLOCK_CAPTURE_AUTORELEASING = YES;
				CLANG_WARN_BOOL_CONVERSION = YES;
				CLANG_WARN_COMMA = YES;
				CLANG_WARN_CONSTANT_CONVERSION = YES;
				CLANG_WARN_DEPRECATED_OBJC_IMPLEMENTATIONS = YES;
				CLANG_WARN_DIRECT_OBJC_ISA_USAGE = YES_ERROR;
				CLANG_WARN_DOCUMENTATION_COMMENTS = YES;
				CLANG_WARN_EMPTY_BODY = YES;
				CLANG_WARN_ENUM_CONVERSION = YES;
				CLANG_WARN_INFINITE_RECURSION = YES;
				CLANG_WARN_INT_CONVERSION = YES;
				CLANG_WARN_NON_LITERAL_NULL_CONVERSION = YES;
				CLANG_WARN_OBJC_IMPLICIT_RETAIN_SELF = YES;
				CLANG_WARN_OBJC_LITERAL_CONVERSION = YES;
				CLANG_WARN_OBJC_ROOT_CLASS = YES_ERROR;
				CLANG_WARN_RANGE_LOOP_ANALYSIS = YES;
				CLANG_WARN_STRICT_PROTOTYPES = YES;
				CLANG_WARN_SUSPICIOUS_MOVE = YES;
				CLANG_WARN_UNGUARDED_AVAILABILITY = YES_AGGRESSIVE;
				CLANG_WARN_UNREACHABLE_CODE = YES;
				CLANG_WARN__DUPLICATE_METHOD_MATCH = YES;
				CODE_SIGN_IDENTITY = "iPhone Developer";
				COPY_PHASE_STRIP = NO;
				DEBUG_INFORMATION_FORMAT = dwarf;
				ENABLE_STRICT_OBJC_MSGSEND = YES;
				ENABLE_TESTABILITY = YES;
				GCC_C_LANGUAGE_STANDARD = gnu11;
				GCC_DYNAMIC_NO_PIC = NO;
				GCC_NO_COMMON_BLOCKS = YES;
				GCC_OPTIMIZATION_LEVEL = 0;
				GCC_PREPROCESSOR_DEFINITIONS = (
					"DEBUG=1",
					"$(inherited)",
				);
				GCC_WARN_64_TO_32_BIT_CONVERSION = YES;
				GCC_WARN_ABOUT_RETURN_TYPE = YES_ERROR;
				GCC_WARN_UNDECLARED_SELECTOR = YES;
				GCC_WARN_UNINITIALIZED_AUTOS = YES_AGGRESSIVE;
				GCC_WARN_UNUSED_FUNCTION = YES;
				GCC_WARN_UNUSED_VARIABLE = YES;
				IPHONEOS_DEPLOYMENT_TARGET = 11.4;
				MTL_ENABLE_DEBUG_INFO = YES;
				ONLY_ACTIVE_ARCH = YES;
				SDKROOT = iphoneos;
			};
			name = Debug;
		};
		FD70AD97210D058A0087E756 /* Release */ = {
			isa = XCBuildConfiguration;
			buildSettings = {
				ALWAYS_SEARCH_USER_PATHS = NO;
				CLANG_ANALYZER_NONNULL = YES;
				CLANG_ANALYZER_NUMBER_OBJECT_CONVERSION = YES_AGGRESSIVE;
				CLANG_CXX_LANGUAGE_STANDARD = "gnu++14";
				CLANG_CXX_LIBRARY = "libc++";
				CLANG_ENABLE_MODULES = YES;
				CLANG_ENABLE_OBJC_ARC = YES;
				CLANG_ENABLE_OBJC_WEAK = YES;
				CLANG_WARN_BLOCK_CAPTURE_AUTORELEASING = YES;
				CLANG_WARN_BOOL_CONVERSION = YES;
				CLANG_WARN_COMMA = YES;
				CLANG_WARN_CONSTANT_CONVERSION = YES;
				CLANG_WARN_DEPRECATED_OBJC_IMPLEMENTATIONS = YES;
				CLANG_WARN_DIRECT_OBJC_ISA_USAGE = YES_ERROR;
				CLANG_WARN_DOCUMENTATION_COMMENTS = YES;
				CLANG_WARN_EMPTY_BODY = YES;
				CLANG_WARN_ENUM_CONVERSION = YES;
				CLANG_WARN_INFINITE_RECURSION = YES;
				CLANG_WARN_INT_CONVERSION = YES;
				CLANG_WARN_NON_LITERAL_NULL_CONVERSION = YES;
				CLANG_WARN_OBJC_IMPLICIT_RETAIN_SELF = YES;
				CLANG_WARN_OBJC_LITERAL_CONVERSION = YES;
				CLANG_WARN_OBJC_ROOT_CLASS = YES_ERROR;
				CLANG_WARN_RANGE_LOOP_ANALYSIS = YES;
				CLANG_WARN_STRICT_PROTOTYPES = YES;
				CLANG_WARN_SUSPICIOUS_MOVE = YES;
				CLANG_WARN_UNGUARDED_AVAILABILITY = YES_AGGRESSIVE;
				CLANG_WARN_UNREACHABLE_CODE = YES;
				CLANG_WARN__DUPLICATE_METHOD_MATCH = YES;
				CODE_SIGN_IDENTITY = "iPhone Developer";
				COPY_PHASE_STRIP = NO;
				DEBUG_INFORMATION_FORMAT = "dwarf-with-dsym";
				ENABLE_NS_ASSERTIONS = NO;
				ENABLE_STRICT_OBJC_MSGSEND = YES;
				GCC_C_LANGUAGE_STANDARD = gnu11;
				GCC_NO_COMMON_BLOCKS = YES;
				GCC_WARN_64_TO_32_BIT_CONVERSION = YES;
				GCC_WARN_ABOUT_RETURN_TYPE = YES_ERROR;
				GCC_WARN_UNDECLARED_SELECTOR = YES;
				GCC_WARN_UNINITIALIZED_AUTOS = YES_AGGRESSIVE;
				GCC_WARN_UNUSED_FUNCTION = YES;
				GCC_WARN_UNUSED_VARIABLE = YES;
				IPHONEOS_DEPLOYMENT_TARGET = 11.4;
				MTL_ENABLE_DEBUG_INFO = NO;
				SDKROOT = iphoneos;
				VALIDATE_PRODUCT = YES;
			};
			name = Release;
		};
		FD70AD99210D058A0087E756 /* Debug */ = {
			isa = XCBuildConfiguration;
			buildSettings = {
				ASSETCATALOG_COMPILER_APPICON_NAME = AppIcon;
				CODE_SIGN_STYLE = Automatic;
				DEVELOPMENT_TEAM = XFHGVA942A;
				INFOPLIST_FILE = "Rover-C/Info.plist";
				LD_RUNPATH_SEARCH_PATHS = (
					"$(inherited)",
					"@executable_path/Frameworks",
				);
				PRODUCT_BUNDLE_IDENTIFIER = "sohail.Rover-C";
				PRODUCT_NAME = "$(TARGET_NAME)";
				TARGETED_DEVICE_FAMILY = "1,2";
			};
			name = Debug;
		};
		FD70AD9A210D058A0087E756 /* Release */ = {
			isa = XCBuildConfiguration;
			buildSettings = {
				ASSETCATALOG_COMPILER_APPICON_NAME = AppIcon;
				CODE_SIGN_STYLE = Automatic;
				DEVELOPMENT_TEAM = XFHGVA942A;
				INFOPLIST_FILE = "Rover-C/Info.plist";
				LD_RUNPATH_SEARCH_PATHS = (
					"$(inherited)",
					"@executable_path/Frameworks",
				);
				PRODUCT_BUNDLE_IDENTIFIER = "sohail.Rover-C";
				PRODUCT_NAME = "$(TARGET_NAME)";
				TARGETED_DEVICE_FAMILY = "1,2";
			};
			name = Release;
		};
/* End XCBuildConfiguration section */

/* Begin XCConfigurationList section */
		FD70AD7D210D05890087E756 /* Build configuration list for PBXProject "Rover-C" */ = {
			isa = XCConfigurationList;
			buildConfigurations = (
				FD70AD96210D058A0087E756 /* Debug */,
				FD70AD97210D058A0087E756 /* Release */,
			);
			defaultConfigurationIsVisible = 0;
			defaultConfigurationName = Release;
		};
		FD70AD98210D058A0087E756 /* Build configuration list for PBXNativeTarget "Rover-C" */ = {
			isa = XCConfigurationList;
			buildConfigurations = (
				FD70AD99210D058A0087E756 /* Debug */,
				FD70AD9A210D058A0087E756 /* Release */,
			);
			defaultConfigurationIsVisible = 0;
			defaultConfigurationName = Release;
		};
/* End XCConfigurationList section */
	};
	rootObject = FD70AD7A210D05890087E756 /* Project object */;
}
